
Microsoft Visual Studio Solution File, Format Version 12.00
# Visual Studio Version 16
VisualStudioVersion = 16.0.29926.136
MinimumVisualStudioVersion = 10.0.40219.1
Project("{9A19103F-16F7-4668-BE54-9A1E7A4F7556}") = "OnigiriBot", "OnigiriBot\OnigiriBot.csproj", "{4418B944-A397-4AD1-9AAF-9F9D684D5C59}"
EndProject
Project("{FAE04EC0-301F-11D3-BF4B-00C04F79EFBC}") = "OnigiriAutomation", "OnigiriAutomation\OnigiriAutomation.csproj", "{608B9ECA-AA02-423F-8C89-C6BAABFEA62C}"
EndProject
Global
	GlobalSection(SolutionConfigurationPlatforms) = preSolution
		Debug|Any CPU = Debug|Any CPU
		Release|Any CPU = Release|Any CPU
	EndGlobalSection
	GlobalSection(ProjectConfigurationPlatforms) = postSolution
		{4418B944-A397-4AD1-9AAF-9F9D684D5C59}.Debug|Any CPU.ActiveCfg = Debug|Any CPU
		{4418B944-A397-4AD1-9AAF-9F9D684D5C59}.Debug|Any CPU.Build.0 = Debug|Any CPU
		{4418B944-A397-4AD1-9AAF-9F9D684D5C59}.Release|Any CPU.ActiveCfg = Release|Any CPU
		{4418B944-A397-4AD1-9AAF-9F9D684D5C59}.Release|Any CPU.Build.0 = Release|Any CPU
		{608B9ECA-AA02-423F-8C89-C6BAABFEA62C}.Debug|Any CPU.ActiveCfg = Debug|Any CPU
		{608B9ECA-AA02-423F-8C89-C6BAABFEA62C}.Debug|Any CPU.Build.0 = Debug|Any CPU
		{608B9ECA-AA02-423F-8C89-C6BAABFEA62C}.Release|Any CPU.ActiveCfg = Release|Any CPU
		{608B9ECA-AA02-423F-8C89-C6BAABFEA62C}.Release|Any CPU.Build.0 = Release|Any CPU
	EndGlobalSection
	GlobalSection(SolutionProperties) = preSolution
		HideSolutionNode = FALSE
	EndGlobalSection
	GlobalSection(ExtensibilityGlobals) = postSolution
		SolutionGuid = {2206DF11-DA88-4C73-BBEB-8B0A4E15D9F2}
	EndGlobalSection
EndGlobal
